{
    "name": "popmotion",
    "version": "9.0.0-rc.18",
    "lockfileVersion": 1,
    "requires": true,
    "dependencies": {
        "framesync": {
            "version": "4.1.0",
            "resolved": "https://registry.npmjs.org/framesync/-/framesync-4.1.0.tgz",
            "integrity": "sha512-MmgZ4wCoeVxNbx2xp5hN/zPDCbLSKiDt4BbbslK7j/pM2lg5S0vhTNv1v8BCVb99JPIo6hXBFdwzU7Q4qcAaoQ==",
            "requires": {
                "hey-listen": "^1.0.5"
            },
            "dependencies": {
                "hey-listen": {
                    "version": "1.0.8",
                    "resolved": "https://registry.npmjs.org/hey-listen/-/hey-listen-1.0.8.tgz",
                    "integrity": "sha512-COpmrF2NOg4TBWUJ5UVyaCU2A88wEMkUPK4hNqyCkqHbxT92BbvfjoSozkAIIm6XhicGlJHhFdullInrdhwU8Q=="
                }
            }
        }
    }
}
